{
  "name": "skynet-linux-test-runtime",
  "lockfileVersion": 3,
  "requires": true,
  "packages": {
    "": {
      "name": "skynet-linux-test-runtime",
      "dependencies": {
        "@anthropic-ai/claude-code-linux-x64": "2.1.281"
      }
    },
    "node_modules/@anthropic-ai/claude-code-linux-x64": {
      "version": "2.1.281",
      "resolved": "https://registry.npmjs.org/@anthropic-ai/claude-code-linux-x64/-/claude-code-linux-x64-2.1.281.tgz",
      "integrity": "sha512-Z7ld7AE2AtvghO0qlNFBGD8S2w+nPVUk8uq4UprAUKJr6HHavXm605iGhbzSOTgXu3F/y540JHVUW9ON87w4IQ==",
      "cpu": [
        "x64"
      ],
      "libc": [
        "glibc"
      ],
      "license": "SEE LICENSE IN LICENSE.md",
      "os": [
        "linux"
      ]
    }
  }
}
